
Microsoft Visual Studio Solution File, Format Version 12.00
# Visual Studio Version 17
VisualStudioVersion = 17.10.34928.147
MinimumVisualStudioVersion = 10.0.40219.1
Project("{FAE04EC0-301F-11D3-BF4B-00C04F79EFBC}") = "DiscountCLI", "DiscountCLI\DiscountCLI.csproj", "{C5EDFDF0-1A45-44EC-9586-2B89D3CC2E63}"
EndProject
Global
	GlobalSection(SolutionConfigurationPlatforms) = preSolution
		Debug|Any CPU = Debug|Any CPU
		Release|Any CPU = Release|Any CPU
	EndGlobalSection
	GlobalSection(ProjectConfigurationPlatforms) = postSolution
		{C5EDFDF0-1A45-44EC-9586-2B89D3CC2E63}.Debug|Any CPU.ActiveCfg = Debug|Any CPU
		{C5EDFDF0-1A45-44EC-9586-2B89D3CC2E63}.Debug|Any CPU.Build.0 = Debug|Any CPU
		{C5EDFDF0-1A45-44EC-9586-2B89D3CC2E63}.Release|Any CPU.ActiveCfg = Release|Any CPU
		{C5EDFDF0-1A45-44EC-9586-2B89D3CC2E63}.Release|Any CPU.Build.0 = Release|Any CPU
	EndGlobalSection
	GlobalSection(SolutionProperties) = preSolution
		HideSolutionNode = FALSE
	EndGlobalSection
	GlobalSection(ExtensibilityGlobals) = postSolution
		SolutionGuid = {A7DDE007-0191-477F-B3C4-DFF0839E56B5}
	EndGlobalSection
EndGlobal
